// !$*UTF8*$!
{
	archiveVersion = 1;
	classes = {
	};
	objectVersion = 56;
	objects = {

/* Begin PBXBuildFile section */
		3D47A76F2C31A14C005449A6 /* WeatherCityApp.swift in Sources */ = {isa = PBXBuildFile; fileRef = 3D47A76E2C31A14C005449A6 /* WeatherCityApp.swift */; };
		3D47A7712C31A14C005449A6 /* ContentView.swift in Sources */ = {isa = PBXBuildFile; fileRef = 3D47A7702C31A14C005449A6 /* ContentView.swift */; };
		3D47A7732C31A14D005449A6 /* Assets.xcassets in Resources */ = {isa = PBXBuildFile; fileRef = 3D47A7722C31A14D005449A6 /* Assets.xcassets */; };
		3D47A7762C31A14D005449A6 /* Preview Assets.xcassets in Resources */ = {isa = PBXBuildFile; fileRef = 3D47A7752C31A14D005449A6 /* Preview Assets.xcassets */; };
		3DCA96EC2C33E844007F3EC4 /* WeatherItem.swift in Sources */ = {isa = PBXBuildFile; fileRef = 3DCA96EB2C33E844007F3EC4 /* WeatherItem.swift */; };
		3DCA96EE2C33E8E3007F3EC4 /* LocationManager.swift in Sources */ = {isa = PBXBuildFile; fileRef = 3DCA96ED2C33E8E3007F3EC4 /* LocationManager.swift */; };
		3DF010B02C31A8E700930202 /* WeatherManager.swift in Sources */ = {isa = PBXBuildFile; fileRef = 3DF010AF2C31A8E700930202 /* WeatherManager.swift */; };
		3DF010B22C31AB8700930202 /* WeatherView.swift in Sources */ = {isa = PBXBuildFile; fileRef = 3DF010B12C31AB8700930202 /* WeatherView.swift */; };
		3DF010B42C31B1D400930202 /* WeatherAttributionView.swift in Sources */ = {isa = PBXBuildFile; fileRef = 3DF010B32C31B1D400930202 /* WeatherAttributionView.swift */; };
		3DF67E732C33FBBE0042E190 /* CityListView.swift in Sources */ = {isa = PBXBuildFile; fileRef = 3DF67E722C33FBBE0042E190 /* CityListView.swift */; };
		3DF67E762C33FE7B0042E190 /* Date+Extensions.swift in Sources */ = {isa = PBXBuildFile; fileRef = 3DF67E752C33FE7B0042E190 /* Date+Extensions.swift */; };
		3DF67E782C3413AA0042E190 /* CityRowView.swift in Sources */ = {isa = PBXBuildFile; fileRef = 3DF67E772C3413AA0042E190 /* CityRowView.swift */; };
		3DF67E7A2C34224E0042E190 /* ViewExtensions.swift in Sources */ = {isa = PBXBuildFile; fileRef = 3DF67E792C34224E0042E190 /* ViewExtensions.swift */; };
/* End PBXBuildFile section */

/* Begin PBXFileReference section */
		3D47A76B2C31A14C005449A6 /* WeatherCity.app */ = {isa = PBXFileReference; explicitFileType = wrapper.application; includeInIndex = 0; path = WeatherCity.app; sourceTree = BUILT_PRODUCTS_DIR; };
		3D47A76E2C31A14C005449A6 /* WeatherCityApp.swift */ = {isa = PBXFileReference; lastKnownFileType = sourcecode.swift; path = WeatherCityApp.swift; sourceTree = "<group>"; };
		3D47A7702C31A14C005449A6 /* ContentView.swift */ = {isa = PBXFileReference; lastKnownFileType = sourcecode.swift; path = ContentView.swift; sourceTree = "<group>"; };
		3D47A7722C31A14D005449A6 /* Assets.xcassets */ = {isa = PBXFileReference; lastKnownFileType = folder.assetcatalog; path = Assets.xcassets; sourceTree = "<group>"; };
		3D47A7752C31A14D005449A6 /* Preview Assets.xcassets */ = {isa = PBXFileReference; lastKnownFileType = folder.assetcatalog; path = "Preview Assets.xcassets"; sourceTree = "<group>"; };
		3DCA96EB2C33E844007F3EC4 /* WeatherItem.swift */ = {isa = PBXFileReference; lastKnownFileType = sourcecode.swift; path = WeatherItem.swift; sourceTree = "<group>"; };
		3DCA96ED2C33E8E3007F3EC4 /* LocationManager.swift */ = {isa = PBXFileReference; lastKnownFileType = sourcecode.swift; path = LocationManager.swift; sourceTree = "<group>"; };
		3DF010AD2C31A81100930202 /* WeatherCityRelease.entitlements */ = {isa = PBXFileReference; lastKnownFileType = text.plist.entitlements; path = WeatherCityRelease.entitlements; sourceTree = "<group>"; };
		3DF010AF2C31A8E700930202 /* WeatherManager.swift */ = {isa = PBXFileReference; lastKnownFileType = sourcecode.swift; path = WeatherManager.swift; sourceTree = "<group>"; };
		3DF010B12C31AB8700930202 /* WeatherView.swift */ = {isa = PBXFileReference; lastKnownFileType = sourcecode.swift; path = WeatherView.swift; sourceTree = "<group>"; };
		3DF010B32C31B1D400930202 /* WeatherAttributionView.swift */ = {isa = PBXFileReference; lastKnownFileType = sourcecode.swift; path = WeatherAttributionView.swift; sourceTree = "<group>"; };
		3DF67E722C33FBBE0042E190 /* CityListView.swift */ = {isa = PBXFileReference; lastKnownFileType = sourcecode.swift; path = CityListView.swift; sourceTree = "<group>"; };
		3DF67E752C33FE7B0042E190 /* Date+Extensions.swift */ = {isa = PBXFileReference; lastKnownFileType = sourcecode.swift; path = "Date+Extensions.swift"; sourceTree = "<group>"; };
		3DF67E772C3413AA0042E190 /* CityRowView.swift */ = {isa = PBXFileReference; lastKnownFileType = sourcecode.swift; path = CityRowView.swift; sourceTree = "<group>"; };
		3DF67E792C34224E0042E190 /* ViewExtensions.swift */ = {isa = PBXFileReference; lastKnownFileType = sourcecode.swift; path = ViewExtensions.swift; sourceTree = "<group>"; };
/* End PBXFileReference section */

/* Begin PBXFrameworksBuildPhase section */
		3D47A7682C31A14C005449A6 /* Frameworks */ = {
			isa = PBXFrameworksBuildPhase;
			buildActionMask = 2147483647;
			files = (
			);
			runOnlyForDeploymentPostprocessing = 0;
		};
/* End PBXFrameworksBuildPhase section */

/* Begin PBXGroup section */
		3D47A7622C31A14C005449A6 = {
			isa = PBXGroup;
			children = (
				3D47A76D2C31A14C005449A6 /* WeatherCity */,
				3D47A76C2C31A14C005449A6 /* Products */,
			);
			sourceTree = "<group>";
		};
		3D47A76C2C31A14C005449A6 /* Products */ = {
			isa = PBXGroup;
			children = (
				3D47A76B2C31A14C005449A6 /* WeatherCity.app */,
			);
			name = Products;
			sourceTree = "<group>";
		};
		3D47A76D2C31A14C005449A6 /* WeatherCity */ = {
			isa = PBXGroup;
			children = (
				3D47A77D2C31A472005449A6 /* MainResources */,
				3D47A77C2C31A189005449A6 /* Source */,
			);
			path = WeatherCity;
			sourceTree = "<group>";
		};
		3D47A7742C31A14D005449A6 /* Preview Content */ = {
			isa = PBXGroup;
			children = (
				3D47A7752C31A14D005449A6 /* Preview Assets.xcassets */,
			);
			path = "Preview Content";
			sourceTree = "<group>";
		};
		3D47A77C2C31A189005449A6 /* Source */ = {
			isa = PBXGroup;
			children = (
				3DF010AE2C31A8CC00930202 /* WeatherManager */,
				3D47A7702C31A14C005449A6 /* ContentView.swift */,
			);
			path = Source;
			sourceTree = "<group>";
		};
		3D47A77D2C31A472005449A6 /* MainResources */ = {
			isa = PBXGroup;
			children = (
				3DF010AD2C31A81100930202 /* WeatherCityRelease.entitlements */,
				3D47A76E2C31A14C005449A6 /* WeatherCityApp.swift */,
				3D47A7722C31A14D005449A6 /* Assets.xcassets */,
				3D47A7742C31A14D005449A6 /* Preview Content */,
			);
			path = MainResources;
			sourceTree = "<group>";
		};
		3DCA96EA2C33E837007F3EC4 /* Models */ = {
			isa = PBXGroup;
			children = (
				3DCA96EB2C33E844007F3EC4 /* WeatherItem.swift */,
			);
			path = Models;
			sourceTree = "<group>";
		};
		3DF010AE2C31A8CC00930202 /* WeatherManager */ = {
			isa = PBXGroup;
			children = (
				3DF67E742C33FE680042E190 /* Extensions */,
				3DCA96EA2C33E837007F3EC4 /* Models */,
				3DF67E6F2C33F55E0042E190 /* Managers */,
				3DF010B32C31B1D400930202 /* WeatherAttributionView.swift */,
				3DF67E722C33FBBE0042E190 /* CityListView.swift */,
				3DF67E772C3413AA0042E190 /* CityRowView.swift */,
				3DF010B12C31AB8700930202 /* WeatherView.swift */,
			);
			path = WeatherManager;
			sourceTree = "<group>";
		};
		3DF67E6F2C33F55E0042E190 /* Managers */ = {
			isa = PBXGroup;
			children = (
				3DCA96ED2C33E8E3007F3EC4 /* LocationManager.swift */,
				3DF010AF2C31A8E700930202 /* WeatherManager.swift */,
			);
			path = Managers;
			sourceTree = "<group>";
		};
		3DF67E742C33FE680042E190 /* Extensions */ = {
			isa = PBXGroup;
			children = (
				3DF67E752C33FE7B0042E190 /* Date+Extensions.swift */,
				3DF67E792C34224E0042E190 /* ViewExtensions.swift */,
			);
			path = Extensions;
			sourceTree = "<group>";
		};
/* End PBXGroup section */

/* Begin PBXNativeTarget section */
		3D47A76A2C31A14C005449A6 /* WeatherCity */ = {
			isa = PBXNativeTarget;
			buildConfigurationList = 3D47A7792C31A14D005449A6 /* Build configuration list for PBXNativeTarget "WeatherCity" */;
			buildPhases = (
				3D47A7672C31A14C005449A6 /* Sources */,
				3D47A7682C31A14C005449A6 /* Frameworks */,
				3D47A7692C31A14C005449A6 /* Resources */,
			);
			buildRules = (
			);
			dependencies = (
			);
			name = WeatherCity;
			productName = WeatherCity;
			productReference = 3D47A76B2C31A14C005449A6 /* WeatherCity.app */;
			productType = "com.apple.product-type.application";
		};
/* End PBXNativeTarget section */

/* Begin PBXProject section */
		3D47A7632C31A14C005449A6 /* Project object */ = {
			isa = PBXProject;
			attributes = {
				BuildIndependentTargetsInParallel = 1;
				LastSwiftUpdateCheck = 1540;
				LastUpgradeCheck = 1540;
				TargetAttributes = {
					3D47A76A2C31A14C005449A6 = {
						CreatedOnToolsVersion = 15.4;
					};
				};
			};
			buildConfigurationList = 3D47A7662C31A14C005449A6 /* Build configuration list for PBXProject "WeatherCity" */;
			compatibilityVersion = "Xcode 14.0";
			developmentRegion = en;
			hasScannedForEncodings = 0;
			knownRegions = (
				en,
				Base,
			);
			mainGroup = 3D47A7622C31A14C005449A6;
			productRefGroup = 3D47A76C2C31A14C005449A6 /* Products */;
			projectDirPath = "";
			projectRoot = "";
			targets = (
				3D47A76A2C31A14C005449A6 /* WeatherCity */,
			);
		};
/* End PBXProject section */

/* Begin PBXResourcesBuildPhase section */
		3D47A7692C31A14C005449A6 /* Resources */ = {
			isa = PBXResourcesBuildPhase;
			buildActionMask = 2147483647;
			files = (
				3D47A7762C31A14D005449A6 /* Preview Assets.xcassets in Resources */,
				3D47A7732C31A14D005449A6 /* Assets.xcassets in Resources */,
			);
			runOnlyForDeploymentPostprocessing = 0;
		};
/* End PBXResourcesBuildPhase section */

/* Begin PBXSourcesBuildPhase section */
		3D47A7672C31A14C005449A6 /* Sources */ = {
			isa = PBXSourcesBuildPhase;
			buildActionMask = 2147483647;
			files = (
				3DF67E7A2C34224E0042E190 /* ViewExtensions.swift in Sources */,
				3DF67E782C3413AA0042E190 /* CityRowView.swift in Sources */,
				3DF010B02C31A8E700930202 /* WeatherManager.swift in Sources */,
				3D47A7712C31A14C005449A6 /* ContentView.swift in Sources */,
				3DF67E762C33FE7B0042E190 /* Date+Extensions.swift in Sources */,
				3D47A76F2C31A14C005449A6 /* WeatherCityApp.swift in Sources */,
				3DCA96EE2C33E8E3007F3EC4 /* LocationManager.swift in Sources */,
				3DF010B42C31B1D400930202 /* WeatherAttributionView.swift in Sources */,
				3DF67E732C33FBBE0042E190 /* CityListView.swift in Sources */,
				3DF010B22C31AB8700930202 /* WeatherView.swift in Sources */,
				3DCA96EC2C33E844007F3EC4 /* WeatherItem.swift in Sources */,
			);
			runOnlyForDeploymentPostprocessing = 0;
		};
/* End PBXSourcesBuildPhase section */

/* Begin XCBuildConfiguration section */
		3D47A7772C31A14D005449A6 /* Debug */ = {
			isa = XCBuildConfiguration;
			buildSettings = {
				ALWAYS_SEARCH_USER_PATHS = NO;
				ASSETCATALOG_COMPILER_GENERATE_SWIFT_ASSET_SYMBOL_EXTENSIONS = YES;
				CLANG_ANALYZER_NONNULL = YES;
				CLANG_ANALYZER_NUMBER_OBJECT_CONVERSION = YES_AGGRESSIVE;
				CLANG_CXX_LANGUAGE_STANDARD = "gnu++20";
				CLANG_ENABLE_MODULES = YES;
				CLANG_ENABLE_OBJC_ARC = YES;
				CLANG_ENABLE_OBJC_WEAK = YES;
				CLANG_WARN_BLOCK_CAPTURE_AUTORELEASING = YES;
				CLANG_WARN_BOOL_CONVERSION = YES;
				CLANG_WARN_COMMA = YES;
				CLANG_WARN_CONSTANT_CONVERSION = YES;
				CLANG_WARN_DEPRECATED_OBJC_IMPLEMENTATIONS = YES;
				CLANG_WARN_DIRECT_OBJC_ISA_USAGE = YES_ERROR;
				CLANG_WARN_DOCUMENTATION_COMMENTS = YES;
				CLANG_WARN_EMPTY_BODY = YES;
				CLANG_WARN_ENUM_CONVERSION = YES;
				CLANG_WARN_INFINITE_RECURSION = YES;
				CLANG_WARN_INT_CONVERSION = YES;
				CLANG_WARN_NON_LITERAL_NULL_CONVERSION = YES;
				CLANG_WARN_OBJC_IMPLICIT_RETAIN_SELF = YES;
				CLANG_WARN_OBJC_LITERAL_CONVERSION = YES;
				CLANG_WARN_OBJC_ROOT_CLASS = YES_ERROR;
				CLANG_WARN_QUOTED_INCLUDE_IN_FRAMEWORK_HEADER = YES;
				CLANG_WARN_RANGE_LOOP_ANALYSIS = YES;
				CLANG_WARN_STRICT_PROTOTYPES = YES;
				CLANG_WARN_SUSPICIOUS_MOVE = YES;
				CLANG_WARN_UNGUARDED_AVAILABILITY = YES_AGGRESSIVE;
				CLANG_WARN_UNREACHABLE_CODE = YES;
				CLANG_WARN__DUPLICATE_METHOD_MATCH = YES;
				COPY_PHASE_STRIP = NO;
				DEBUG_INFORMATION_FORMAT = dwarf;
				ENABLE_STRICT_OBJC_MSGSEND = YES;
				ENABLE_TESTABILITY = YES;
				ENABLE_USER_SCRIPT_SANDBOXING = YES;
				GCC_C_LANGUAGE_STANDARD = gnu17;
				GCC_DYNAMIC_NO_PIC = NO;
				GCC_NO_COMMON_BLOCKS = YES;
				GCC_OPTIMIZATION_LEVEL = 0;
				GCC_PREPROCESSOR_DEFINITIONS = (
					"DEBUG=1",
					"$(inherited)",
				);
				GCC_WARN_64_TO_32_BIT_CONVERSION = YES;
				GCC_WARN_ABOUT_RETURN_TYPE = YES_ERROR;
				GCC_WARN_UNDECLARED_SELECTOR = YES;
				GCC_WARN_UNINITIALIZED_AUTOS = YES_AGGRESSIVE;
				GCC_WARN_UNUSED_FUNCTION = YES;
				GCC_WARN_UNUSED_VARIABLE = YES;
				IPHONEOS_DEPLOYMENT_TARGET = 16.0;
				LOCALIZATION_PREFERS_STRING_CATALOGS = YES;
				MTL_ENABLE_DEBUG_INFO = INCLUDE_SOURCE;
				MTL_FAST_MATH = YES;
				ONLY_ACTIVE_ARCH = YES;
				SDKROOT = iphoneos;
				SWIFT_ACTIVE_COMPILATION_CONDITIONS = "DEBUG $(inherited)";
				SWIFT_OPTIMIZATION_LEVEL = "-Onone";
			};
			name = Debug;
		};
		3D47A7782C31A14D005449A6 /* Release */ = {
			isa = XCBuildConfiguration;
			buildSettings = {
				ALWAYS_SEARCH_USER_PATHS = NO;
				ASSETCATALOG_COMPILER_GENERATE_SWIFT_ASSET_SYMBOL_EXTENSIONS = YES;
				CLANG_ANALYZER_NONNULL = YES;
				CLANG_ANALYZER_NUMBER_OBJECT_CONVERSION = YES_AGGRESSIVE;
				CLANG_CXX_LANGUAGE_STANDARD = "gnu++20";
				CLANG_ENABLE_MODULES = YES;
				CLANG_ENABLE_OBJC_ARC = YES;
				CLANG_ENABLE_OBJC_WEAK = YES;
				CLANG_WARN_BLOCK_CAPTURE_AUTORELEASING = YES;
				CLANG_WARN_BOOL_CONVERSION = YES;
				CLANG_WARN_COMMA = YES;
				CLANG_WARN_CONSTANT_CONVERSION = YES;
				CLANG_WARN_DEPRECATED_OBJC_IMPLEMENTATIONS = YES;
				CLANG_WARN_DIRECT_OBJC_ISA_USAGE = YES_ERROR;
				CLANG_WARN_DOCUMENTATION_COMMENTS = YES;
				CLANG_WARN_EMPTY_BODY = YES;
				CLANG_WARN_ENUM_CONVERSION = YES;
				CLANG_WARN_INFINITE_RECURSION = YES;
				CLANG_WARN_INT_CONVERSION = YES;
				CLANG_WARN_NON_LITERAL_NULL_CONVERSION = YES;
				CLANG_WARN_OBJC_IMPLICIT_RETAIN_SELF = YES;
				CLANG_WARN_OBJC_LITERAL_CONVERSION = YES;
				CLANG_WARN_OBJC_ROOT_CLASS = YES_ERROR;
				CLANG_WARN_QUOTED_INCLUDE_IN_FRAMEWORK_HEADER = YES;
				CLANG_WARN_RANGE_LOOP_ANALYSIS = YES;
				CLANG_WARN_STRICT_PROTOTYPES = YES;
				CLANG_WARN_SUSPICIOUS_MOVE = YES;
				CLANG_WARN_UNGUARDED_AVAILABILITY = YES_AGGRESSIVE;
				CLANG_WARN_UNREACHABLE_CODE = YES;
				CLANG_WARN__DUPLICATE_METHOD_MATCH = YES;
				COPY_PHASE_STRIP = NO;
				DEBUG_INFORMATION_FORMAT = "dwarf-with-dsym";
				ENABLE_NS_ASSERTIONS = NO;
				ENABLE_STRICT_OBJC_MSGSEND = YES;
				ENABLE_USER_SCRIPT_SANDBOXING = YES;
				GCC_C_LANGUAGE_STANDARD = gnu17;
				GCC_NO_COMMON_BLOCKS = YES;
				GCC_WARN_64_TO_32_BIT_CONVERSION = YES;
				GCC_WARN_ABOUT_RETURN_TYPE = YES_ERROR;
				GCC_WARN_UNDECLARED_SELECTOR = YES;
				GCC_WARN_UNINITIALIZED_AUTOS = YES_AGGRESSIVE;
				GCC_WARN_UNUSED_FUNCTION = YES;
				GCC_WARN_UNUSED_VARIABLE = YES;
				IPHONEOS_DEPLOYMENT_TARGET = 16.0;
				LOCALIZATION_PREFERS_STRING_CATALOGS = YES;
				MTL_ENABLE_DEBUG_INFO = NO;
				MTL_FAST_MATH = YES;
				SDKROOT = iphoneos;
				SWIFT_COMPILATION_MODE = wholemodule;
				VALIDATE_PRODUCT = YES;
			};
			name = Release;
		};
		3D47A77A2C31A14D005449A6 /* Debug */ = {
			isa = XCBuildConfiguration;
			buildSettings = {
				ASSETCATALOG_COMPILER_APPICON_NAME = AppIcon;
				ASSETCATALOG_COMPILER_GLOBAL_ACCENT_COLOR_NAME = AccentColor;
				CODE_SIGN_STYLE = Automatic;
				CURRENT_PROJECT_VERSION = 1;
				DEVELOPMENT_ASSET_PATHS = "\"WeatherCity/MainResources/Preview Content\"";
				ENABLE_PREVIEWS = YES;
				GENERATE_INFOPLIST_FILE = YES;
				INFOPLIST_KEY_NSLocationWhenInUseUsageDescription = "Please provide the access for current Location to WeatherCity";
				INFOPLIST_KEY_UIApplicationSceneManifest_Generation = YES;
				INFOPLIST_KEY_UIApplicationSupportsIndirectInputEvents = YES;
				INFOPLIST_KEY_UILaunchScreen_Generation = YES;
				INFOPLIST_KEY_UISupportedInterfaceOrientations_iPad = "UIInterfaceOrientationPortrait UIInterfaceOrientationPortraitUpsideDown UIInterfaceOrientationLandscapeLeft UIInterfaceOrientationLandscapeRight";
				INFOPLIST_KEY_UISupportedInterfaceOrientations_iPhone = "UIInterfaceOrientationPortrait UIInterfaceOrientationLandscapeLeft UIInterfaceOrientationLandscapeRight";
				IPHONEOS_DEPLOYMENT_TARGET = 16.0;
				LD_RUNPATH_SEARCH_PATHS = (
					"$(inherited)",
					"@executable_path/Frameworks",
				);
				MARKETING_VERSION = 1.0;
				PRODUCT_BUNDLE_IDENTIFIER = com.maheshwaran.WeatherCity;
				PRODUCT_NAME = "$(TARGET_NAME)";
				SWIFT_EMIT_LOC_STRINGS = YES;
				SWIFT_VERSION = 5.0;
				TARGETED_DEVICE_FAMILY = "1,2";
			};
			name = Debug;
		};
		3D47A77B2C31A14D005449A6 /* Release */ = {
			isa = XCBuildConfiguration;
			buildSettings = {
				ASSETCATALOG_COMPILER_APPICON_NAME = AppIcon;
				ASSETCATALOG_COMPILER_GLOBAL_ACCENT_COLOR_NAME = AccentColor;
				CODE_SIGN_ENTITLEMENTS = WeatherCity/MainResources/WeatherCityRelease.entitlements;
				CODE_SIGN_STYLE = Automatic;
				CURRENT_PROJECT_VERSION = 1;
				DEVELOPMENT_ASSET_PATHS = "\"WeatherCity/MainResources/Preview Content\"";
				ENABLE_PREVIEWS = YES;
				GENERATE_INFOPLIST_FILE = YES;
				INFOPLIST_KEY_NSLocationWhenInUseUsageDescription = "Please provide the access for current Location to WeatherCity";
				INFOPLIST_KEY_UIApplicationSceneManifest_Generation = YES;
				INFOPLIST_KEY_UIApplicationSupportsIndirectInputEvents = YES;
				INFOPLIST_KEY_UILaunchScreen_Generation = YES;
				INFOPLIST_KEY_UISupportedInterfaceOrientations_iPad = "UIInterfaceOrientationPortrait UIInterfaceOrientationPortraitUpsideDown UIInterfaceOrientationLandscapeLeft UIInterfaceOrientationLandscapeRight";
				INFOPLIST_KEY_UISupportedInterfaceOrientations_iPhone = "UIInterfaceOrientationPortrait UIInterfaceOrientationLandscapeLeft UIInterfaceOrientationLandscapeRight";
				IPHONEOS_DEPLOYMENT_TARGET = 16.0;
				LD_RUNPATH_SEARCH_PATHS = (
					"$(inherited)",
					"@executable_path/Frameworks",
				);
				MARKETING_VERSION = 1.0;
				PRODUCT_BUNDLE_IDENTIFIER = com.maheshwaran.WeatherCity;
				PRODUCT_NAME = "$(TARGET_NAME)";
				SWIFT_EMIT_LOC_STRINGS = YES;
				SWIFT_VERSION = 5.0;
				TARGETED_DEVICE_FAMILY = "1,2";
			};
			name = Release;
		};
/* End XCBuildConfiguration section */

/* Begin XCConfigurationList section */
		3D47A7662C31A14C005449A6 /* Build configuration list for PBXProject "WeatherCity" */ = {
			isa = XCConfigurationList;
			buildConfigurations = (
				3D47A7772C31A14D005449A6 /* Debug */,
				3D47A7782C31A14D005449A6 /* Release */,
			);
			defaultConfigurationIsVisible = 0;
			defaultConfigurationName = Release;
		};
		3D47A7792C31A14D005449A6 /* Build configuration list for PBXNativeTarget "WeatherCity" */ = {
			isa = XCConfigurationList;
			buildConfigurations = (
				3D47A77A2C31A14D005449A6 /* Debug */,
				3D47A77B2C31A14D005449A6 /* Release */,
			);
			defaultConfigurationIsVisible = 0;
			defaultConfigurationName = Release;
		};
/* End XCConfigurationList section */
	};
	rootObject = 3D47A7632C31A14C005449A6 /* Project object */;
}
